{
    "_readme": [
        "This file locks the dependencies of your project to a known state",
        "Read more about it at https://getcomposer.org/doc/01-basic-usage.md#composer-lock-the-lock-file",
        "This file is @generated automatically"
    ],
    "content-hash": "e3e016e857e682b72af783ad5f699470",
    "packages": [
        {
            "name": "jdenticon/jdenticon",
            "version": "0.10.0",
            "source": {
                "type": "git",
                "url": "https://github.com/dmester/jdenticon-php.git",
                "reference": "31e60b2ae6b3c3ca6be0d19d14a7670f04b173ce"
            },
            "dist": {
                "type": "zip",
                "url": "https://api.github.com/repos/dmester/jdenticon-php/zipball/31e60b2ae6b3c3ca6be0d19d14a7670f04b173ce",
                "reference": "31e60b2ae6b3c3ca6be0d19d14a7670f04b173ce",
                "shasum": ""
            },
            "require": {
                "php": ">=5.3.0"
            },
            "require-dev": {
                "phpunit/phpunit": "^5.7"
            },
            "type": "library",
            "autoload": {
                "psr-4": {
                    "Jdenticon\\": "src/"
                }
            },
            "notification-url": "https://packagist.org/downloads/",
            "license": [
                "MIT"
            ],
            "authors": [
                {
                    "name": "Daniel Mester Pirttijärvi"
                }
            ],
            "description": "Render PNG and SVG identicons.",
            "homepage": "https://jdenticon.com/",
            "keywords": [
                "avatar",
                "identicon",
                "jdenticon"
            ],
            "time": "2018-07-21T17:02:51+00:00"
        },
        {
            "name": "sandfoxme/monsterid",
            "version": "1.1.1",
            "source": {
                "type": "git",
                "url": "https://github.com/sandfoxme/monsterid.git",
                "reference": "d2454adf7c92cbb10e932e84dda0809975db72f5"
            },
            "dist": {
                "type": "zip",
                "url": "https://api.github.com/repos/sandfoxme/monsterid/zipball/d2454adf7c92cbb10e932e84dda0809975db72f5",
                "reference": "d2454adf7c92cbb10e932e84dda0809975db72f5",
                "shasum": ""
            },
            "require": {
                "ext-gd": "*",
                "php": "^5.5|^7.0"
            },
            "require-dev": {
                "codeclimate/php-test-reporter": "*",
                "phpunit/phpunit": "^4.8"
            },
            "type": "library",
            "autoload": {
                "psr-4": {
                    "SandFoxMe\\MonsterID\\": "src/classes"
                },
                "files": [
                    "src/bootstrap.php"
                ]
            },
            "notification-url": "https://packagist.org/downloads/",
            "license": [
                "MIT"
            ],
            "authors": [
                {
                    "name": "Andreas Gohr",
                    "homepage": "http://www.splitbrain.org/",
                    "role": "Developer"
                },
                {
                    "name": "Anton Smirnov",
                    "email": "sandfox@sandfox.me",
                    "homepage": "https://sandfox.me/",
                    "role": "Composer package maintainer"
                }
            ],
            "description": "MonsterID is a method to generate a unique monster image based upon a certain identifier (IP address, email address, whatever). It can be used to automatically provide personal avatar images in blog comments or other community services.",
            "keywords": [
                "avatar",
                "monsterid"
            ],
            "time": "2018-04-03T20:46:17+00:00"
        },
        {
            "name": "yzalis/identicon",
            "version": "1.2.0",
            "source": {
                "type": "git",
                "url": "https://github.com/yzalis/Identicon.git",
                "reference": "228eca74299a45163be40fd82d334bf21e66b86b"
            },
            "dist": {
                "type": "zip",
                "url": "https://api.github.com/repos/yzalis/Identicon/zipball/228eca74299a45163be40fd82d334bf21e66b86b",
                "reference": "228eca74299a45163be40fd82d334bf21e66b86b",
                "shasum": ""
            },
            "require": {
                "php": ">=5.5.0"
            },
            "require-dev": {
                "ext-imagick": "*",
                "fzaninotto/faker": "^1.2.0",
                "phpunit/phpunit": "^4.0 || ^5.0"
            },
            "type": "library",
            "extra": {
                "branch-alias": {
                    "dev-master": "1.2-dev"
                }
            },
            "autoload": {
                "psr-4": {
                    "Identicon\\": "src/Identicon/"
                }
            },
            "notification-url": "https://packagist.org/downloads/",
            "license": [
                "MIT"
            ],
            "authors": [
                {
                    "name": "Benjamin Laugueux",
                    "email": "benjamin@yzalis.com"
                }
            ],
            "description": "Create awesome unique avatar.",
            "homepage": "http://identicon-php.org",
            "keywords": [
                "avatar",
                "identicon",
                "image"
            ],
            "time": "2017-08-01T14:39:05+00:00"
        }
    ],
    "packages-dev": [],
    "aliases": [],
    "minimum-stability": "stable",
    "stability-flags": [],
    "prefer-stable": false,
    "prefer-lowest": false,
    "platform": [],
    "platform-dev": []
}
